
Microsoft Visual Studio Solution File, Format Version 12.00
# Visual Studio Version 16
VisualStudioVersion = 16.0.31515.178
MinimumVisualStudioVersion = 10.0.40219.1
Project("{FAE04EC0-301F-11D3-BF4B-00C04F79EFBC}") = "Procedure", "Procedure.csproj", "{EABFF8C8-032F-48E5-9867-BFD626463183}"
EndProject
Global
	GlobalSection(SolutionConfigurationPlatforms) = preSolution
		Debug|Any CPU = Debug|Any CPU
		Release|Any CPU = Release|Any CPU
	EndGlobalSection
	GlobalSection(ProjectConfigurationPlatforms) = postSolution
		{EABFF8C8-032F-48E5-9867-BFD626463183}.Debug|Any CPU.ActiveCfg = Debug|Any CPU
		{EABFF8C8-032F-48E5-9867-BFD626463183}.Debug|Any CPU.Build.0 = Debug|Any CPU
		{EABFF8C8-032F-48E5-9867-BFD626463183}.Release|Any CPU.ActiveCfg = Release|Any CPU
		{EABFF8C8-032F-48E5-9867-BFD626463183}.Release|Any CPU.Build.0 = Release|Any CPU
	EndGlobalSection
	GlobalSection(SolutionProperties) = preSolution
		HideSolutionNode = FALSE
	EndGlobalSection
	GlobalSection(ExtensibilityGlobals) = postSolution
		SolutionGuid = {FBBD906A-1969-4DF2-B536-774C866AE299}
	EndGlobalSection
EndGlobal
